
Microsoft Visual Studio Solution File, Format Version 12.00
# Visual Studio 14
VisualStudioVersion = 14.0.25420.1
MinimumVisualStudioVersion = 10.0.40219.1
Project("{FAE04EC0-301F-11D3-BF4B-00C04F79EFBC}") = "JogoRest", "JogoRest\JogoRest.csproj", "{EA64CAB2-3D16-427C-BE5A-835ACD7103BB}"
EndProject
Project("{FAE04EC0-301F-11D3-BF4B-00C04F79EFBC}") = "JogoApp", "JogoApp\JogoApp.csproj", "{42F0EE70-A183-4731-A17B-472C9C06E26B}"
EndProject
Global
	GlobalSection(SolutionConfigurationPlatforms) = preSolution
		Debug|Any CPU = Debug|Any CPU
		Release|Any CPU = Release|Any CPU
	EndGlobalSection
	GlobalSection(ProjectConfigurationPlatforms) = postSolution
		{EA64CAB2-3D16-427C-BE5A-835ACD7103BB}.Debug|Any CPU.ActiveCfg = Debug|Any CPU
		{EA64CAB2-3D16-427C-BE5A-835ACD7103BB}.Debug|Any CPU.Build.0 = Debug|Any CPU
		{EA64CAB2-3D16-427C-BE5A-835ACD7103BB}.Release|Any CPU.ActiveCfg = Release|Any CPU
		{EA64CAB2-3D16-427C-BE5A-835ACD7103BB}.Release|Any CPU.Build.0 = Release|Any CPU
		{42F0EE70-A183-4731-A17B-472C9C06E26B}.Debug|Any CPU.ActiveCfg = Debug|Any CPU
		{42F0EE70-A183-4731-A17B-472C9C06E26B}.Debug|Any CPU.Build.0 = Debug|Any CPU
		{42F0EE70-A183-4731-A17B-472C9C06E26B}.Release|Any CPU.ActiveCfg = Release|Any CPU
		{42F0EE70-A183-4731-A17B-472C9C06E26B}.Release|Any CPU.Build.0 = Release|Any CPU
	EndGlobalSection
	GlobalSection(SolutionProperties) = preSolution
		HideSolutionNode = FALSE
	EndGlobalSection
EndGlobal
